# THIS IS AN AUTOGENERATED FILE. DO NOT EDIT THIS FILE DIRECTLY.
# yarn lockfile v1


thinid@^0.4.0:
  version "0.4.0"
  resolved "https://registry.yarnpkg.com/thinid/-/thinid-0.4.0.tgz#6f22b05141d8f097e162c9f6dfa7529c812e3a3e"
  integrity sha512-Qhuc4LtmD1v9TgTJ5bkctZir6uZhfNmuq602K5vvXOGv2uAZkrNmoowGAQ2YMM0gRjV1ufEtn7M/K0gJGitBEw==
